// !$*UTF8*$!
{
	archiveVersion = 1;
	classes = {
	};
	objectVersion = 56;
	objects = {

/* Begin PBXBuildFile section */
		1A0C2BA82927C4CB0038F59A /* LoadingView.swift in Sources */ = {isa = PBXBuildFile; fileRef = 1A0C2BA72927C4CB0038F59A /* LoadingView.swift */; };
		1A0C2BAA2927C6590038F59A /* ErrorView.swift in Sources */ = {isa = PBXBuildFile; fileRef = 1A0C2BA92927C6590038F59A /* ErrorView.swift */; };
		1A3E763E292991F90041CB70 /* WrappingHStack.swift in Sources */ = {isa = PBXBuildFile; fileRef = 1A3E763D292991F90041CB70 /* WrappingHStack.swift */; };
		1A3E7641292993C80041CB70 /* CachedAsyncImage in Frameworks */ = {isa = PBXBuildFile; productRef = 1A3E7640292993C80041CB70 /* CachedAsyncImage */; };
		1A3E7645292BB5A90041CB70 /* PhotoListType.swift in Sources */ = {isa = PBXBuildFile; fileRef = 1A3E7644292BB5A90041CB70 /* PhotoListType.swift */; };
		1A63F0EF2926F4B5000F5572 /* APIError.swift in Sources */ = {isa = PBXBuildFile; fileRef = 1A63F0EE2926F4B5000F5572 /* APIError.swift */; };
		1A63F0F22926F856000F5572 /* Photo.swift in Sources */ = {isa = PBXBuildFile; fileRef = 1A63F0F12926F856000F5572 /* Photo.swift */; };
		1A63F0F52926FCC7000F5572 /* APIConstants.swift in Sources */ = {isa = PBXBuildFile; fileRef = 1A63F0F42926FCC7000F5572 /* APIConstants.swift */; };
		1AD1A76E2927EB5D00C56BA1 /* PhotoListView.swift in Sources */ = {isa = PBXBuildFile; fileRef = 1AD1A76D2927EB5D00C56BA1 /* PhotoListView.swift */; };
		1AD1A7702927EE8A00C56BA1 /* PhotoDetailView.swift in Sources */ = {isa = PBXBuildFile; fileRef = 1AD1A76F2927EE8A00C56BA1 /* PhotoDetailView.swift */; };
		1AD1A7722927F05000C56BA1 /* PhotoRow.swift in Sources */ = {isa = PBXBuildFile; fileRef = 1AD1A7712927F05000C56BA1 /* PhotoRow.swift */; };
		1AD1A7742927F58300C56BA1 /* User.swift in Sources */ = {isa = PBXBuildFile; fileRef = 1AD1A7732927F58300C56BA1 /* User.swift */; };
		1AD1A7762927FA1600C56BA1 /* UserFetcher.swift in Sources */ = {isa = PBXBuildFile; fileRef = 1AD1A7752927FA1600C56BA1 /* UserFetcher.swift */; };
		1AD1A77829285B2D00C56BA1 /* PhotoInfo.swift in Sources */ = {isa = PBXBuildFile; fileRef = 1AD1A77729285B2D00C56BA1 /* PhotoInfo.swift */; };
		1AD3C7432926EF0F00BB0C60 /* FlickrChallengeApp.swift in Sources */ = {isa = PBXBuildFile; fileRef = 1AD3C7422926EF0F00BB0C60 /* FlickrChallengeApp.swift */; };
		1AD3C7452926EF0F00BB0C60 /* ContentView.swift in Sources */ = {isa = PBXBuildFile; fileRef = 1AD3C7442926EF0F00BB0C60 /* ContentView.swift */; };
		1AD3C7472926EF1200BB0C60 /* Assets.xcassets in Resources */ = {isa = PBXBuildFile; fileRef = 1AD3C7462926EF1200BB0C60 /* Assets.xcassets */; };
		1AD3C74A2926EF1200BB0C60 /* Preview Assets.xcassets in Resources */ = {isa = PBXBuildFile; fileRef = 1AD3C7492926EF1200BB0C60 /* Preview Assets.xcassets */; };
		1AD3C7542926EF1200BB0C60 /* FlickrChallengeTests.swift in Sources */ = {isa = PBXBuildFile; fileRef = 1AD3C7532926EF1200BB0C60 /* FlickrChallengeTests.swift */; };
		1AD3C75E2926EF1200BB0C60 /* FlickrChallengeUITests.swift in Sources */ = {isa = PBXBuildFile; fileRef = 1AD3C75D2926EF1200BB0C60 /* FlickrChallengeUITests.swift */; };
		1AD3C7602926EF1200BB0C60 /* FlickrChallengeUITestsLaunchTests.swift in Sources */ = {isa = PBXBuildFile; fileRef = 1AD3C75F2926EF1200BB0C60 /* FlickrChallengeUITestsLaunchTests.swift */; };
		1AD3C76E2926EF9200BB0C60 /* PhotoFetcher.swift in Sources */ = {isa = PBXBuildFile; fileRef = 1AD3C76D2926EF9200BB0C60 /* PhotoFetcher.swift */; };
		1AD3C7702926F05F00BB0C60 /* APIService.swift in Sources */ = {isa = PBXBuildFile; fileRef = 1AD3C76F2926F05F00BB0C60 /* APIService.swift */; };
		1AD3C7722926F07900BB0C60 /* APIServiceProtocol.swift in Sources */ = {isa = PBXBuildFile; fileRef = 1AD3C7712926F07900BB0C60 /* APIServiceProtocol.swift */; };
/* End PBXBuildFile section */

/* Begin PBXContainerItemProxy section */
		1AD3C7502926EF1200BB0C60 /* PBXContainerItemProxy */ = {
			isa = PBXContainerItemProxy;
			containerPortal = 1AD3C7372926EF0F00BB0C60 /* Project object */;
			proxyType = 1;
			remoteGlobalIDString = 1AD3C73E2926EF0F00BB0C60;
			remoteInfo = FlikrApp;
		};
		1AD3C75A2926EF1200BB0C60 /* PBXContainerItemProxy */ = {
			isa = PBXContainerItemProxy;
			containerPortal = 1AD3C7372926EF0F00BB0C60 /* Project object */;
			proxyType = 1;
			remoteGlobalIDString = 1AD3C73E2926EF0F00BB0C60;
			remoteInfo = FlikrApp;
		};
/* End PBXContainerItemProxy section */

/* Begin PBXFileReference section */
		1A0C2BA72927C4CB0038F59A /* LoadingView.swift */ = {isa = PBXFileReference; lastKnownFileType = sourcecode.swift; path = LoadingView.swift; sourceTree = "<group>"; };
		1A0C2BA92927C6590038F59A /* ErrorView.swift */ = {isa = PBXFileReference; lastKnownFileType = sourcecode.swift; path = ErrorView.swift; sourceTree = "<group>"; };
		1A3E763D292991F90041CB70 /* WrappingHStack.swift */ = {isa = PBXFileReference; lastKnownFileType = sourcecode.swift; path = WrappingHStack.swift; sourceTree = "<group>"; };
		1A3E7644292BB5A90041CB70 /* PhotoListType.swift */ = {isa = PBXFileReference; lastKnownFileType = sourcecode.swift; path = PhotoListType.swift; sourceTree = "<group>"; };
		1A63F0EE2926F4B5000F5572 /* APIError.swift */ = {isa = PBXFileReference; lastKnownFileType = sourcecode.swift; path = APIError.swift; sourceTree = "<group>"; };
		1A63F0F12926F856000F5572 /* Photo.swift */ = {isa = PBXFileReference; lastKnownFileType = sourcecode.swift; path = Photo.swift; sourceTree = "<group>"; };
		1A63F0F42926FCC7000F5572 /* APIConstants.swift */ = {isa = PBXFileReference; lastKnownFileType = sourcecode.swift; path = APIConstants.swift; sourceTree = "<group>"; };
		1AD1A76D2927EB5D00C56BA1 /* PhotoListView.swift */ = {isa = PBXFileReference; lastKnownFileType = sourcecode.swift; path = PhotoListView.swift; sourceTree = "<group>"; };
		1AD1A76F2927EE8A00C56BA1 /* PhotoDetailView.swift */ = {isa = PBXFileReference; lastKnownFileType = sourcecode.swift; path = PhotoDetailView.swift; sourceTree = "<group>"; };
		1AD1A7712927F05000C56BA1 /* PhotoRow.swift */ = {isa = PBXFileReference; lastKnownFileType = sourcecode.swift; path = PhotoRow.swift; sourceTree = "<group>"; };
		1AD1A7732927F58300C56BA1 /* User.swift */ = {isa = PBXFileReference; lastKnownFileType = sourcecode.swift; path = User.swift; sourceTree = "<group>"; };
		1AD1A7752927FA1600C56BA1 /* UserFetcher.swift */ = {isa = PBXFileReference; lastKnownFileType = sourcecode.swift; path = UserFetcher.swift; sourceTree = "<group>"; };
		1AD1A77729285B2D00C56BA1 /* PhotoInfo.swift */ = {isa = PBXFileReference; lastKnownFileType = sourcecode.swift; path = PhotoInfo.swift; sourceTree = "<group>"; };
		1AD3C73F2926EF0F00BB0C60 /* FlickrChallenge.app */ = {isa = PBXFileReference; explicitFileType = wrapper.application; includeInIndex = 0; path = FlickrChallenge.app; sourceTree = BUILT_PRODUCTS_DIR; };
		1AD3C7422926EF0F00BB0C60 /* FlickrChallengeApp.swift */ = {isa = PBXFileReference; lastKnownFileType = sourcecode.swift; path = FlickrChallengeApp.swift; sourceTree = "<group>"; };
		1AD3C7442926EF0F00BB0C60 /* ContentView.swift */ = {isa = PBXFileReference; lastKnownFileType = sourcecode.swift; path = ContentView.swift; sourceTree = "<group>"; };
		1AD3C7462926EF1200BB0C60 /* Assets.xcassets */ = {isa = PBXFileReference; lastKnownFileType = folder.assetcatalog; path = Assets.xcassets; sourceTree = "<group>"; };
		1AD3C7492926EF1200BB0C60 /* Preview Assets.xcassets */ = {isa = PBXFileReference; lastKnownFileType = folder.assetcatalog; path = "Preview Assets.xcassets"; sourceTree = "<group>"; };
		1AD3C74F2926EF1200BB0C60 /* FlickrChallengeTests.xctest */ = {isa = PBXFileReference; explicitFileType = wrapper.cfbundle; includeInIndex = 0; path = FlickrChallengeTests.xctest; sourceTree = BUILT_PRODUCTS_DIR; };
		1AD3C7532926EF1200BB0C60 /* FlickrChallengeTests.swift */ = {isa = PBXFileReference; lastKnownFileType = sourcecode.swift; path = FlickrChallengeTests.swift; sourceTree = "<group>"; };
		1AD3C7592926EF1200BB0C60 /* FlickrChallengeUITests.xctest */ = {isa = PBXFileReference; explicitFileType = wrapper.cfbundle; includeInIndex = 0; path = FlickrChallengeUITests.xctest; sourceTree = BUILT_PRODUCTS_DIR; };
		1AD3C75D2926EF1200BB0C60 /* FlickrChallengeUITests.swift */ = {isa = PBXFileReference; lastKnownFileType = sourcecode.swift; path = FlickrChallengeUITests.swift; sourceTree = "<group>"; };
		1AD3C75F2926EF1200BB0C60 /* FlickrChallengeUITestsLaunchTests.swift */ = {isa = PBXFileReference; lastKnownFileType = sourcecode.swift; path = FlickrChallengeUITestsLaunchTests.swift; sourceTree = "<group>"; };
		1AD3C76D2926EF9200BB0C60 /* PhotoFetcher.swift */ = {isa = PBXFileReference; lastKnownFileType = sourcecode.swift; path = PhotoFetcher.swift; sourceTree = "<group>"; };
		1AD3C76F2926F05F00BB0C60 /* APIService.swift */ = {isa = PBXFileReference; lastKnownFileType = sourcecode.swift; path = APIService.swift; sourceTree = "<group>"; };
		1AD3C7712926F07900BB0C60 /* APIServiceProtocol.swift */ = {isa = PBXFileReference; lastKnownFileType = sourcecode.swift; path = APIServiceProtocol.swift; sourceTree = "<group>"; };
/* End PBXFileReference section */

/* Begin PBXFrameworksBuildPhase section */
		1AD3C73C2926EF0F00BB0C60 /* Frameworks */ = {
			isa = PBXFrameworksBuildPhase;
			buildActionMask = 2147483647;
			files = (
				1A3E7641292993C80041CB70 /* CachedAsyncImage in Frameworks */,
			);
			runOnlyForDeploymentPostprocessing = 0;
		};
		1AD3C74C2926EF1200BB0C60 /* Frameworks */ = {
			isa = PBXFrameworksBuildPhase;
			buildActionMask = 2147483647;
			files = (
			);
			runOnlyForDeploymentPostprocessing = 0;
		};
		1AD3C7562926EF1200BB0C60 /* Frameworks */ = {
			isa = PBXFrameworksBuildPhase;
			buildActionMask = 2147483647;
			files = (
			);
			runOnlyForDeploymentPostprocessing = 0;
		};
/* End PBXFrameworksBuildPhase section */

/* Begin PBXGroup section */
		1A0C2BA62927C4B10038F59A /* View */ = {
			isa = PBXGroup;
			children = (
				1A0C2BA72927C4CB0038F59A /* LoadingView.swift */,
				1A0C2BA92927C6590038F59A /* ErrorView.swift */,
				1AD1A76D2927EB5D00C56BA1 /* PhotoListView.swift */,
				1AD1A76F2927EE8A00C56BA1 /* PhotoDetailView.swift */,
				1AD1A7712927F05000C56BA1 /* PhotoRow.swift */,
				1A3E763D292991F90041CB70 /* WrappingHStack.swift */,
			);
			path = View;
			sourceTree = "<group>";
		};
		1A63F0F02926F849000F5572 /* Model */ = {
			isa = PBXGroup;
			children = (
				1A63F0F12926F856000F5572 /* Photo.swift */,
				1AD1A7732927F58300C56BA1 /* User.swift */,
				1AD1A77729285B2D00C56BA1 /* PhotoInfo.swift */,
				1A3E7644292BB5A90041CB70 /* PhotoListType.swift */,
			);
			path = Model;
			sourceTree = "<group>";
		};
		1AD3C7362926EF0F00BB0C60 = {
			isa = PBXGroup;
			children = (
				1AD3C7412926EF0F00BB0C60 /* FlickrChallenge */,
				1AD3C7522926EF1200BB0C60 /* FlickrChallengeTests */,
				1AD3C75C2926EF1200BB0C60 /* FlickrChallengeUITests */,
				1AD3C7402926EF0F00BB0C60 /* Products */,
			);
			sourceTree = "<group>";
		};
		1AD3C7402926EF0F00BB0C60 /* Products */ = {
			isa = PBXGroup;
			children = (
				1AD3C73F2926EF0F00BB0C60 /* FlickrChallenge.app */,
				1AD3C74F2926EF1200BB0C60 /* FlickrChallengeTests.xctest */,
				1AD3C7592926EF1200BB0C60 /* FlickrChallengeUITests.xctest */,
			);
			name = Products;
			sourceTree = "<group>";
		};
		1AD3C7412926EF0F00BB0C60 /* FlickrChallenge */ = {
			isa = PBXGroup;
			children = (
				1A0C2BA62927C4B10038F59A /* View */,
				1A63F0F02926F849000F5572 /* Model */,
				1AD3C76C2926EF6A00BB0C60 /* Networking */,
				1AD3C7422926EF0F00BB0C60 /* FlickrChallengeApp.swift */,
				1AD3C7442926EF0F00BB0C60 /* ContentView.swift */,
				1AD3C7462926EF1200BB0C60 /* Assets.xcassets */,
				1AD3C7482926EF1200BB0C60 /* Preview Content */,
				1A63F0F42926FCC7000F5572 /* APIConstants.swift */,
			);
			path = FlickrChallenge;
			sourceTree = "<group>";
		};
		1AD3C7482926EF1200BB0C60 /* Preview Content */ = {
			isa = PBXGroup;
			children = (
				1AD3C7492926EF1200BB0C60 /* Preview Assets.xcassets */,
			);
			path = "Preview Content";
			sourceTree = "<group>";
		};
		1AD3C7522926EF1200BB0C60 /* FlickrChallengeTests */ = {
			isa = PBXGroup;
			children = (
				1AD3C7532926EF1200BB0C60 /* FlickrChallengeTests.swift */,
			);
			path = FlickrChallengeTests;
			sourceTree = "<group>";
		};
		1AD3C75C2926EF1200BB0C60 /* FlickrChallengeUITests */ = {
			isa = PBXGroup;
			children = (
				1AD3C75D2926EF1200BB0C60 /* FlickrChallengeUITests.swift */,
				1AD3C75F2926EF1200BB0C60 /* FlickrChallengeUITestsLaunchTests.swift */,
			);
			path = FlickrChallengeUITests;
			sourceTree = "<group>";
		};
		1AD3C76C2926EF6A00BB0C60 /* Networking */ = {
			isa = PBXGroup;
			children = (
				1AD3C76D2926EF9200BB0C60 /* PhotoFetcher.swift */,
				1AD3C76F2926F05F00BB0C60 /* APIService.swift */,
				1AD3C7712926F07900BB0C60 /* APIServiceProtocol.swift */,
				1A63F0EE2926F4B5000F5572 /* APIError.swift */,
				1AD1A7752927FA1600C56BA1 /* UserFetcher.swift */,
			);
			path = Networking;
			sourceTree = "<group>";
		};
/* End PBXGroup section */

/* Begin PBXNativeTarget section */
		1AD3C73E2926EF0F00BB0C60 /* FlickrChallenge */ = {
			isa = PBXNativeTarget;
			buildConfigurationList = 1AD3C7632926EF1200BB0C60 /* Build configuration list for PBXNativeTarget "FlickrChallenge" */;
			buildPhases = (
				1AD3C73B2926EF0F00BB0C60 /* Sources */,
				1AD3C73C2926EF0F00BB0C60 /* Frameworks */,
				1AD3C73D2926EF0F00BB0C60 /* Resources */,
			);
			buildRules = (
			);
			dependencies = (
			);
			name = FlickrChallenge;
			packageProductDependencies = (
				1A3E7640292993C80041CB70 /* CachedAsyncImage */,
			);
			productName = FlikrApp;
			productReference = 1AD3C73F2926EF0F00BB0C60 /* FlickrChallenge.app */;
			productType = "com.apple.product-type.application";
		};
		1AD3C74E2926EF1200BB0C60 /* FlickrChallengeTests */ = {
			isa = PBXNativeTarget;
			buildConfigurationList = 1AD3C7662926EF1200BB0C60 /* Build configuration list for PBXNativeTarget "FlickrChallengeTests" */;
			buildPhases = (
				1AD3C74B2926EF1200BB0C60 /* Sources */,
				1AD3C74C2926EF1200BB0C60 /* Frameworks */,
				1AD3C74D2926EF1200BB0C60 /* Resources */,
			);
			buildRules = (
			);
			dependencies = (
				1AD3C7512926EF1200BB0C60 /* PBXTargetDependency */,
			);
			name = FlickrChallengeTests;
			productName = FlikrAppTests;
			productReference = 1AD3C74F2926EF1200BB0C60 /* FlickrChallengeTests.xctest */;
			productType = "com.apple.product-type.bundle.unit-test";
		};
		1AD3C7582926EF1200BB0C60 /* FlickrChallengeUITests */ = {
			isa = PBXNativeTarget;
			buildConfigurationList = 1AD3C7692926EF1200BB0C60 /* Build configuration list for PBXNativeTarget "FlickrChallengeUITests" */;
			buildPhases = (
				1AD3C7552926EF1200BB0C60 /* Sources */,
				1AD3C7562926EF1200BB0C60 /* Frameworks */,
				1AD3C7572926EF1200BB0C60 /* Resources */,
			);
			buildRules = (
			);
			dependencies = (
				1AD3C75B2926EF1200BB0C60 /* PBXTargetDependency */,
			);
			name = FlickrChallengeUITests;
			productName = FlikrAppUITests;
			productReference = 1AD3C7592926EF1200BB0C60 /* FlickrChallengeUITests.xctest */;
			productType = "com.apple.product-type.bundle.ui-testing";
		};
/* End PBXNativeTarget section */

/* Begin PBXProject section */
		1AD3C7372926EF0F00BB0C60 /* Project object */ = {
			isa = PBXProject;
			attributes = {
				BuildIndependentTargetsInParallel = 1;
				LastSwiftUpdateCheck = 1410;
				LastUpgradeCheck = 1410;
				TargetAttributes = {
					1AD3C73E2926EF0F00BB0C60 = {
						CreatedOnToolsVersion = 14.1;
					};
					1AD3C74E2926EF1200BB0C60 = {
						CreatedOnToolsVersion = 14.1;
						TestTargetID = 1AD3C73E2926EF0F00BB0C60;
					};
					1AD3C7582926EF1200BB0C60 = {
						CreatedOnToolsVersion = 14.1;
						TestTargetID = 1AD3C73E2926EF0F00BB0C60;
					};
				};
			};
			buildConfigurationList = 1AD3C73A2926EF0F00BB0C60 /* Build configuration list for PBXProject "FlickrChallenge" */;
			compatibilityVersion = "Xcode 14.0";
			developmentRegion = en;
			hasScannedForEncodings = 0;
			knownRegions = (
				en,
				Base,
			);
			mainGroup = 1AD3C7362926EF0F00BB0C60;
			packageReferences = (
				1A3E763F292993C80041CB70 /* XCRemoteSwiftPackageReference "swiftui-cached-async-image" */,
			);
			productRefGroup = 1AD3C7402926EF0F00BB0C60 /* Products */;
			projectDirPath = "";
			projectRoot = "";
			targets = (
				1AD3C73E2926EF0F00BB0C60 /* FlickrChallenge */,
				1AD3C74E2926EF1200BB0C60 /* FlickrChallengeTests */,
				1AD3C7582926EF1200BB0C60 /* FlickrChallengeUITests */,
			);
		};
/* End PBXProject section */

/* Begin PBXResourcesBuildPhase section */
		1AD3C73D2926EF0F00BB0C60 /* Resources */ = {
			isa = PBXResourcesBuildPhase;
			buildActionMask = 2147483647;
			files = (
				1AD3C74A2926EF1200BB0C60 /* Preview Assets.xcassets in Resources */,
				1AD3C7472926EF1200BB0C60 /* Assets.xcassets in Resources */,
			);
			runOnlyForDeploymentPostprocessing = 0;
		};
		1AD3C74D2926EF1200BB0C60 /* Resources */ = {
			isa = PBXResourcesBuildPhase;
			buildActionMask = 2147483647;
			files = (
			);
			runOnlyForDeploymentPostprocessing = 0;
		};
		1AD3C7572926EF1200BB0C60 /* Resources */ = {
			isa = PBXResourcesBuildPhase;
			buildActionMask = 2147483647;
			files = (
			);
			runOnlyForDeploymentPostprocessing = 0;
		};
/* End PBXResourcesBuildPhase section */

/* Begin PBXSourcesBuildPhase section */
		1AD3C73B2926EF0F00BB0C60 /* Sources */ = {
			isa = PBXSourcesBuildPhase;
			buildActionMask = 2147483647;
			files = (
				1AD1A77829285B2D00C56BA1 /* PhotoInfo.swift in Sources */,
				1A63F0F22926F856000F5572 /* Photo.swift in Sources */,
				1AD3C7452926EF0F00BB0C60 /* ContentView.swift in Sources */,
				1AD3C7432926EF0F00BB0C60 /* FlickrChallengeApp.swift in Sources */,
				1A3E763E292991F90041CB70 /* WrappingHStack.swift in Sources */,
				1A3E7645292BB5A90041CB70 /* PhotoListType.swift in Sources */,
				1AD1A7762927FA1600C56BA1 /* UserFetcher.swift in Sources */,
				1AD3C7702926F05F00BB0C60 /* APIService.swift in Sources */,
				1AD3C7722926F07900BB0C60 /* APIServiceProtocol.swift in Sources */,
				1AD1A76E2927EB5D00C56BA1 /* PhotoListView.swift in Sources */,
				1AD1A7742927F58300C56BA1 /* User.swift in Sources */,
				1A0C2BAA2927C6590038F59A /* ErrorView.swift in Sources */,
				1AD3C76E2926EF9200BB0C60 /* PhotoFetcher.swift in Sources */,
				1AD1A7702927EE8A00C56BA1 /* PhotoDetailView.swift in Sources */,
				1A63F0EF2926F4B5000F5572 /* APIError.swift in Sources */,
				1A63F0F52926FCC7000F5572 /* APIConstants.swift in Sources */,
				1AD1A7722927F05000C56BA1 /* PhotoRow.swift in Sources */,
				1A0C2BA82927C4CB0038F59A /* LoadingView.swift in Sources */,
			);
			runOnlyForDeploymentPostprocessing = 0;
		};
		1AD3C74B2926EF1200BB0C60 /* Sources */ = {
			isa = PBXSourcesBuildPhase;
			buildActionMask = 2147483647;
			files = (
				1AD3C7542926EF1200BB0C60 /* FlickrChallengeTests.swift in Sources */,
			);
			runOnlyForDeploymentPostprocessing = 0;
		};
		1AD3C7552926EF1200BB0C60 /* Sources */ = {
			isa = PBXSourcesBuildPhase;
			buildActionMask = 2147483647;
			files = (
				1AD3C7602926EF1200BB0C60 /* FlickrChallengeUITestsLaunchTests.swift in Sources */,
				1AD3C75E2926EF1200BB0C60 /* FlickrChallengeUITests.swift in Sources */,
			);
			runOnlyForDeploymentPostprocessing = 0;
		};
/* End PBXSourcesBuildPhase section */

/* Begin PBXTargetDependency section */
		1AD3C7512926EF1200BB0C60 /* PBXTargetDependency */ = {
			isa = PBXTargetDependency;
			target = 1AD3C73E2926EF0F00BB0C60 /* FlickrChallenge */;
			targetProxy = 1AD3C7502926EF1200BB0C60 /* PBXContainerItemProxy */;
		};
		1AD3C75B2926EF1200BB0C60 /* PBXTargetDependency */ = {
			isa = PBXTargetDependency;
			target = 1AD3C73E2926EF0F00BB0C60 /* FlickrChallenge */;
			targetProxy = 1AD3C75A2926EF1200BB0C60 /* PBXContainerItemProxy */;
		};
/* End PBXTargetDependency section */

/* Begin XCBuildConfiguration section */
		1AD3C7612926EF1200BB0C60 /* Debug */ = {
			isa = XCBuildConfiguration;
			buildSettings = {
				ALWAYS_SEARCH_USER_PATHS = NO;
				CLANG_ANALYZER_NONNULL = YES;
				CLANG_ANALYZER_NUMBER_OBJECT_CONVERSION = YES_AGGRESSIVE;
				CLANG_CXX_LANGUAGE_STANDARD = "gnu++20";
				CLANG_ENABLE_MODULES = YES;
				CLANG_ENABLE_OBJC_ARC = YES;
				CLANG_ENABLE_OBJC_WEAK = YES;
				CLANG_WARN_BLOCK_CAPTURE_AUTORELEASING = YES;
				CLANG_WARN_BOOL_CONVERSION = YES;
				CLANG_WARN_COMMA = YES;
				CLANG_WARN_CONSTANT_CONVERSION = YES;
				CLANG_WARN_DEPRECATED_OBJC_IMPLEMENTATIONS = YES;
				CLANG_WARN_DIRECT_OBJC_ISA_USAGE = YES_ERROR;
				CLANG_WARN_DOCUMENTATION_COMMENTS = YES;
				CLANG_WARN_EMPTY_BODY = YES;
				CLANG_WARN_ENUM_CONVERSION = YES;
				CLANG_WARN_INFINITE_RECURSION = YES;
				CLANG_WARN_INT_CONVERSION = YES;
				CLANG_WARN_NON_LITERAL_NULL_CONVERSION = YES;
				CLANG_WARN_OBJC_IMPLICIT_RETAIN_SELF = YES;
				CLANG_WARN_OBJC_LITERAL_CONVERSION = YES;
				CLANG_WARN_OBJC_ROOT_CLASS = YES_ERROR;
				CLANG_WARN_QUOTED_INCLUDE_IN_FRAMEWORK_HEADER = YES;
				CLANG_WARN_RANGE_LOOP_ANALYSIS = YES;
				CLANG_WARN_STRICT_PROTOTYPES = YES;
				CLANG_WARN_SUSPICIOUS_MOVE = YES;
				CLANG_WARN_UNGUARDED_AVAILABILITY = YES_AGGRESSIVE;
				CLANG_WARN_UNREACHABLE_CODE = YES;
				CLANG_WARN__DUPLICATE_METHOD_MATCH = YES;
				COPY_PHASE_STRIP = NO;
				DEBUG_INFORMATION_FORMAT = dwarf;
				ENABLE_STRICT_OBJC_MSGSEND = YES;
				ENABLE_TESTABILITY = YES;
				GCC_C_LANGUAGE_STANDARD = gnu11;
				GCC_DYNAMIC_NO_PIC = NO;
				GCC_NO_COMMON_BLOCKS = YES;
				GCC_OPTIMIZATION_LEVEL = 0;
				GCC_PREPROCESSOR_DEFINITIONS = (
					"DEBUG=1",
					"$(inherited)",
				);
				GCC_WARN_64_TO_32_BIT_CONVERSION = YES;
				GCC_WARN_ABOUT_RETURN_TYPE = YES_ERROR;
				GCC_WARN_UNDECLARED_SELECTOR = YES;
				GCC_WARN_UNINITIALIZED_AUTOS = YES_AGGRESSIVE;
				GCC_WARN_UNUSED_FUNCTION = YES;
				GCC_WARN_UNUSED_VARIABLE = YES;
				IPHONEOS_DEPLOYMENT_TARGET = 16.1;
				MTL_ENABLE_DEBUG_INFO = INCLUDE_SOURCE;
				MTL_FAST_MATH = YES;
				ONLY_ACTIVE_ARCH = YES;
				SDKROOT = iphoneos;
				SWIFT_ACTIVE_COMPILATION_CONDITIONS = DEBUG;
				SWIFT_OPTIMIZATION_LEVEL = "-Onone";
			};
			name = Debug;
		};
		1AD3C7622926EF1200BB0C60 /* Release */ = {
			isa = XCBuildConfiguration;
			buildSettings = {
				ALWAYS_SEARCH_USER_PATHS = NO;
				CLANG_ANALYZER_NONNULL = YES;
				CLANG_ANALYZER_NUMBER_OBJECT_CONVERSION = YES_AGGRESSIVE;
				CLANG_CXX_LANGUAGE_STANDARD = "gnu++20";
				CLANG_ENABLE_MODULES = YES;
				CLANG_ENABLE_OBJC_ARC = YES;
				CLANG_ENABLE_OBJC_WEAK = YES;
				CLANG_WARN_BLOCK_CAPTURE_AUTORELEASING = YES;
				CLANG_WARN_BOOL_CONVERSION = YES;
				CLANG_WARN_COMMA = YES;
				CLANG_WARN_CONSTANT_CONVERSION = YES;
				CLANG_WARN_DEPRECATED_OBJC_IMPLEMENTATIONS = YES;
				CLANG_WARN_DIRECT_OBJC_ISA_USAGE = YES_ERROR;
				CLANG_WARN_DOCUMENTATION_COMMENTS = YES;
				CLANG_WARN_EMPTY_BODY = YES;
				CLANG_WARN_ENUM_CONVERSION = YES;
				CLANG_WARN_INFINITE_RECURSION = YES;
				CLANG_WARN_INT_CONVERSION = YES;
				CLANG_WARN_NON_LITERAL_NULL_CONVERSION = YES;
				CLANG_WARN_OBJC_IMPLICIT_RETAIN_SELF = YES;
				CLANG_WARN_OBJC_LITERAL_CONVERSION = YES;
				CLANG_WARN_OBJC_ROOT_CLASS = YES_ERROR;
				CLANG_WARN_QUOTED_INCLUDE_IN_FRAMEWORK_HEADER = YES;
				CLANG_WARN_RANGE_LOOP_ANALYSIS = YES;
				CLANG_WARN_STRICT_PROTOTYPES = YES;
				CLANG_WARN_SUSPICIOUS_MOVE = YES;
				CLANG_WARN_UNGUARDED_AVAILABILITY = YES_AGGRESSIVE;
				CLANG_WARN_UNREACHABLE_CODE = YES;
				CLANG_WARN__DUPLICATE_METHOD_MATCH = YES;
				COPY_PHASE_STRIP = NO;
				DEBUG_INFORMATION_FORMAT = "dwarf-with-dsym";
				ENABLE_NS_ASSERTIONS = NO;
				ENABLE_STRICT_OBJC_MSGSEND = YES;
				GCC_C_LANGUAGE_STANDARD = gnu11;
				GCC_NO_COMMON_BLOCKS = YES;
				GCC_WARN_64_TO_32_BIT_CONVERSION = YES;
				GCC_WARN_ABOUT_RETURN_TYPE = YES_ERROR;
				GCC_WARN_UNDECLARED_SELECTOR = YES;
				GCC_WARN_UNINITIALIZED_AUTOS = YES_AGGRESSIVE;
				GCC_WARN_UNUSED_FUNCTION = YES;
				GCC_WARN_UNUSED_VARIABLE = YES;
				IPHONEOS_DEPLOYMENT_TARGET = 16.1;
				MTL_ENABLE_DEBUG_INFO = NO;
				MTL_FAST_MATH = YES;
				SDKROOT = iphoneos;
				SWIFT_COMPILATION_MODE = wholemodule;
				SWIFT_OPTIMIZATION_LEVEL = "-O";
				VALIDATE_PRODUCT = YES;
			};
			name = Release;
		};
		1AD3C7642926EF1200BB0C60 /* Debug */ = {
			isa = XCBuildConfiguration;
			buildSettings = {
				ASSETCATALOG_COMPILER_APPICON_NAME = AppIcon;
				ASSETCATALOG_COMPILER_GLOBAL_ACCENT_COLOR_NAME = AccentColor;
				CODE_SIGN_STYLE = Automatic;
				CURRENT_PROJECT_VERSION = 1;
				DEVELOPMENT_ASSET_PATHS = "\"FlickrChallenge/Preview Content\"";
				DEVELOPMENT_TEAM = 8Y3GD7A447;
				ENABLE_PREVIEWS = YES;
				GENERATE_INFOPLIST_FILE = YES;
				INFOPLIST_KEY_UIApplicationSceneManifest_Generation = YES;
				INFOPLIST_KEY_UIApplicationSupportsIndirectInputEvents = YES;
				INFOPLIST_KEY_UILaunchScreen_Generation = YES;
				INFOPLIST_KEY_UISupportedInterfaceOrientations_iPad = "UIInterfaceOrientationPortrait UIInterfaceOrientationPortraitUpsideDown UIInterfaceOrientationLandscapeLeft UIInterfaceOrientationLandscapeRight";
				INFOPLIST_KEY_UISupportedInterfaceOrientations_iPhone = "UIInterfaceOrientationPortrait UIInterfaceOrientationLandscapeLeft UIInterfaceOrientationLandscapeRight";
				LD_RUNPATH_SEARCH_PATHS = (
					"$(inherited)",
					"@executable_path/Frameworks",
				);
				MARKETING_VERSION = 1.0;
				PRODUCT_BUNDLE_IDENTIFIER = com.jb.FlikrApp;
				PRODUCT_NAME = "$(TARGET_NAME)";
				SWIFT_EMIT_LOC_STRINGS = YES;
				SWIFT_VERSION = 5.0;
				TARGETED_DEVICE_FAMILY = "1,2";
			};
			name = Debug;
		};
		1AD3C7652926EF1200BB0C60 /* Release */ = {
			isa = XCBuildConfiguration;
			buildSettings = {
				ASSETCATALOG_COMPILER_APPICON_NAME = AppIcon;
				ASSETCATALOG_COMPILER_GLOBAL_ACCENT_COLOR_NAME = AccentColor;
				CODE_SIGN_STYLE = Automatic;
				CURRENT_PROJECT_VERSION = 1;
				DEVELOPMENT_ASSET_PATHS = "\"FlickrChallenge/Preview Content\"";
				DEVELOPMENT_TEAM = 8Y3GD7A447;
				ENABLE_PREVIEWS = YES;
				GENERATE_INFOPLIST_FILE = YES;
				INFOPLIST_KEY_UIApplicationSceneManifest_Generation = YES;
				INFOPLIST_KEY_UIApplicationSupportsIndirectInputEvents = YES;
				INFOPLIST_KEY_UILaunchScreen_Generation = YES;
				INFOPLIST_KEY_UISupportedInterfaceOrientations_iPad = "UIInterfaceOrientationPortrait UIInterfaceOrientationPortraitUpsideDown UIInterfaceOrientationLandscapeLeft UIInterfaceOrientationLandscapeRight";
				INFOPLIST_KEY_UISupportedInterfaceOrientations_iPhone = "UIInterfaceOrientationPortrait UIInterfaceOrientationLandscapeLeft UIInterfaceOrientationLandscapeRight";
				LD_RUNPATH_SEARCH_PATHS = (
					"$(inherited)",
					"@executable_path/Frameworks",
				);
				MARKETING_VERSION = 1.0;
				PRODUCT_BUNDLE_IDENTIFIER = com.jb.FlikrApp;
				PRODUCT_NAME = "$(TARGET_NAME)";
				SWIFT_EMIT_LOC_STRINGS = YES;
				SWIFT_VERSION = 5.0;
				TARGETED_DEVICE_FAMILY = "1,2";
			};
			name = Release;
		};
		1AD3C7672926EF1200BB0C60 /* Debug */ = {
			isa = XCBuildConfiguration;
			buildSettings = {
				ALWAYS_EMBED_SWIFT_STANDARD_LIBRARIES = YES;
				BUNDLE_LOADER = "$(TEST_HOST)";
				CODE_SIGN_STYLE = Automatic;
				CURRENT_PROJECT_VERSION = 1;
				DEVELOPMENT_TEAM = 8Y3GD7A447;
				GENERATE_INFOPLIST_FILE = YES;
				IPHONEOS_DEPLOYMENT_TARGET = 16.1;
				MARKETING_VERSION = 1.0;
				PRODUCT_BUNDLE_IDENTIFIER = com.jb.FlikrAppTests;
				PRODUCT_NAME = "$(TARGET_NAME)";
				SWIFT_EMIT_LOC_STRINGS = NO;
				SWIFT_VERSION = 5.0;
				TARGETED_DEVICE_FAMILY = "1,2";
				TEST_HOST = "$(BUILT_PRODUCTS_DIR)/FlickrChallenge.app/$(BUNDLE_EXECUTABLE_FOLDER_PATH)/FlickrChallenge";
			};
			name = Debug;
		};
		1AD3C7682926EF1200BB0C60 /* Release */ = {
			isa = XCBuildConfiguration;
			buildSettings = {
				ALWAYS_EMBED_SWIFT_STANDARD_LIBRARIES = YES;
				BUNDLE_LOADER = "$(TEST_HOST)";
				CODE_SIGN_STYLE = Automatic;
				CURRENT_PROJECT_VERSION = 1;
				DEVELOPMENT_TEAM = 8Y3GD7A447;
				GENERATE_INFOPLIST_FILE = YES;
				IPHONEOS_DEPLOYMENT_TARGET = 16.1;
				MARKETING_VERSION = 1.0;
				PRODUCT_BUNDLE_IDENTIFIER = com.jb.FlikrAppTests;
				PRODUCT_NAME = "$(TARGET_NAME)";
				SWIFT_EMIT_LOC_STRINGS = NO;
				SWIFT_VERSION = 5.0;
				TARGETED_DEVICE_FAMILY = "1,2";
				TEST_HOST = "$(BUILT_PRODUCTS_DIR)/FlickrChallenge.app/$(BUNDLE_EXECUTABLE_FOLDER_PATH)/FlickrChallenge";
			};
			name = Release;
		};
		1AD3C76A2926EF1200BB0C60 /* Debug */ = {
			isa = XCBuildConfiguration;
			buildSettings = {
				ALWAYS_EMBED_SWIFT_STANDARD_LIBRARIES = YES;
				CODE_SIGN_STYLE = Automatic;
				CURRENT_PROJECT_VERSION = 1;
				DEVELOPMENT_TEAM = 8Y3GD7A447;
				GENERATE_INFOPLIST_FILE = YES;
				MARKETING_VERSION = 1.0;
				PRODUCT_BUNDLE_IDENTIFIER = com.jb.FlikrAppUITests;
				PRODUCT_NAME = "$(TARGET_NAME)";
				SWIFT_EMIT_LOC_STRINGS = NO;
				SWIFT_VERSION = 5.0;
				TARGETED_DEVICE_FAMILY = "1,2";
				TEST_TARGET_NAME = FlikrApp;
			};
			name = Debug;
		};
		1AD3C76B2926EF1200BB0C60 /* Release */ = {
			isa = XCBuildConfiguration;
			buildSettings = {
				ALWAYS_EMBED_SWIFT_STANDARD_LIBRARIES = YES;
				CODE_SIGN_STYLE = Automatic;
				CURRENT_PROJECT_VERSION = 1;
				DEVELOPMENT_TEAM = 8Y3GD7A447;
				GENERATE_INFOPLIST_FILE = YES;
				MARKETING_VERSION = 1.0;
				PRODUCT_BUNDLE_IDENTIFIER = com.jb.FlikrAppUITests;
				PRODUCT_NAME = "$(TARGET_NAME)";
				SWIFT_EMIT_LOC_STRINGS = NO;
				SWIFT_VERSION = 5.0;
				TARGETED_DEVICE_FAMILY = "1,2";
				TEST_TARGET_NAME = FlikrApp;
			};
			name = Release;
		};
/* End XCBuildConfiguration section */

/* Begin XCConfigurationList section */
		1AD3C73A2926EF0F00BB0C60 /* Build configuration list for PBXProject "FlickrChallenge" */ = {
			isa = XCConfigurationList;
			buildConfigurations = (
				1AD3C7612926EF1200BB0C60 /* Debug */,
				1AD3C7622926EF1200BB0C60 /* Release */,
			);
			defaultConfigurationIsVisible = 0;
			defaultConfigurationName = Release;
		};
		1AD3C7632926EF1200BB0C60 /* Build configuration list for PBXNativeTarget "FlickrChallenge" */ = {
			isa = XCConfigurationList;
			buildConfigurations = (
				1AD3C7642926EF1200BB0C60 /* Debug */,
				1AD3C7652926EF1200BB0C60 /* Release */,
			);
			defaultConfigurationIsVisible = 0;
			defaultConfigurationName = Release;
		};
		1AD3C7662926EF1200BB0C60 /* Build configuration list for PBXNativeTarget "FlickrChallengeTests" */ = {
			isa = XCConfigurationList;
			buildConfigurations = (
				1AD3C7672926EF1200BB0C60 /* Debug */,
				1AD3C7682926EF1200BB0C60 /* Release */,
			);
			defaultConfigurationIsVisible = 0;
			defaultConfigurationName = Release;
		};
		1AD3C7692926EF1200BB0C60 /* Build configuration list for PBXNativeTarget "FlickrChallengeUITests" */ = {
			isa = XCConfigurationList;
			buildConfigurations = (
				1AD3C76A2926EF1200BB0C60 /* Debug */,
				1AD3C76B2926EF1200BB0C60 /* Release */,
			);
			defaultConfigurationIsVisible = 0;
			defaultConfigurationName = Release;
		};
/* End XCConfigurationList section */

/* Begin XCRemoteSwiftPackageReference section */
		1A3E763F292993C80041CB70 /* XCRemoteSwiftPackageReference "swiftui-cached-async-image" */ = {
			isa = XCRemoteSwiftPackageReference;
			repositoryURL = "https://github.com/lorenzofiamingo/swiftui-cached-async-image";
			requirement = {
				kind = upToNextMajorVersion;
				minimumVersion = 2.0.0;
			};
		};
/* End XCRemoteSwiftPackageReference section */

/* Begin XCSwiftPackageProductDependency section */
		1A3E7640292993C80041CB70 /* CachedAsyncImage */ = {
			isa = XCSwiftPackageProductDependency;
			package = 1A3E763F292993C80041CB70 /* XCRemoteSwiftPackageReference "swiftui-cached-async-image" */;
			productName = CachedAsyncImage;
		};
/* End XCSwiftPackageProductDependency section */
	};
	rootObject = 1AD3C7372926EF0F00BB0C60 /* Project object */;
}
